
Microsoft Visual Studio Solution File, Format Version 12.00
# Visual Studio 15
VisualStudioVersion = 15.0.26430.6
MinimumVisualStudioVersion = 10.0.40219.1
Project("{FAE04EC0-301F-11D3-BF4B-00C04F79EFBC}") = "G1ANT.Addon.UI", "G1ANT.Addon.UI\G1ANT.Addon.UI.csproj", "{E1D343A3-707C-43D8-A5E0-334CA434D785}"
EndProject
Project("{FAE04EC0-301F-11D3-BF4B-00C04F79EFBC}") = "G1ANT.Addon.UI.Tests", "G1ANT.Addon.UI.Tests\G1ANT.Addon.UI.Tests.csproj", "{4388D9EC-9C8D-45C1-9204-3D116AC43DBE}"
EndProject
Global
	GlobalSection(SolutionConfigurationPlatforms) = preSolution
		AutomatedDebug|Any CPU = AutomatedDebug|Any CPU
		Debug (.Net 4.0)|Any CPU = Debug (.Net 4.0)|Any CPU
		Debug|Any CPU = Debug|Any CPU
		Release (.Net 4.0)|Any CPU = Release (.Net 4.0)|Any CPU
		Release|Any CPU = Release|Any CPU
	EndGlobalSection
	GlobalSection(ProjectConfigurationPlatforms) = postSolution
		{E1D343A3-707C-43D8-A5E0-334CA434D785}.AutomatedDebug|Any CPU.ActiveCfg = Debug|Any CPU
		{E1D343A3-707C-43D8-A5E0-334CA434D785}.AutomatedDebug|Any CPU.Build.0 = Debug|Any CPU
		{E1D343A3-707C-43D8-A5E0-334CA434D785}.Debug (.Net 4.0)|Any CPU.ActiveCfg = Debug|Any CPU
		{E1D343A3-707C-43D8-A5E0-334CA434D785}.Debug (.Net 4.0)|Any CPU.Build.0 = Debug|Any CPU
		{E1D343A3-707C-43D8-A5E0-334CA434D785}.Debug|Any CPU.ActiveCfg = Debug|Any CPU
		{E1D343A3-707C-43D8-A5E0-334CA434D785}.Debug|Any CPU.Build.0 = Debug|Any CPU
		{E1D343A3-707C-43D8-A5E0-334CA434D785}.Release (.Net 4.0)|Any CPU.ActiveCfg = Debug|Any CPU
		{E1D343A3-707C-43D8-A5E0-334CA434D785}.Release (.Net 4.0)|Any CPU.Build.0 = Debug|Any CPU
		{E1D343A3-707C-43D8-A5E0-334CA434D785}.Release|Any CPU.ActiveCfg = Debug|Any CPU
		{E1D343A3-707C-43D8-A5E0-334CA434D785}.Release|Any CPU.Build.0 = Debug|Any CPU
		{4388D9EC-9C8D-45C1-9204-3D116AC43DBE}.AutomatedDebug|Any CPU.ActiveCfg = Debug|Any CPU
		{4388D9EC-9C8D-45C1-9204-3D116AC43DBE}.AutomatedDebug|Any CPU.Build.0 = Debug|Any CPU
		{4388D9EC-9C8D-45C1-9204-3D116AC43DBE}.Debug (.Net 4.0)|Any CPU.ActiveCfg = Debug|Any CPU
		{4388D9EC-9C8D-45C1-9204-3D116AC43DBE}.Debug (.Net 4.0)|Any CPU.Build.0 = Debug|Any CPU
		{4388D9EC-9C8D-45C1-9204-3D116AC43DBE}.Debug|Any CPU.ActiveCfg = Debug|Any CPU
		{4388D9EC-9C8D-45C1-9204-3D116AC43DBE}.Debug|Any CPU.Build.0 = Debug|Any CPU
		{4388D9EC-9C8D-45C1-9204-3D116AC43DBE}.Release (.Net 4.0)|Any CPU.ActiveCfg = Debug|Any CPU
		{4388D9EC-9C8D-45C1-9204-3D116AC43DBE}.Release (.Net 4.0)|Any CPU.Build.0 = Debug|Any CPU
		{4388D9EC-9C8D-45C1-9204-3D116AC43DBE}.Release|Any CPU.ActiveCfg = Debug|Any CPU
		{4388D9EC-9C8D-45C1-9204-3D116AC43DBE}.Release|Any CPU.Build.0 = Debug|Any CPU
	EndGlobalSection
	GlobalSection(SolutionProperties) = preSolution
		HideSolutionNode = FALSE
	EndGlobalSection
	GlobalSection(ExtensibilityGlobals) = postSolution
		SolutionGuid = {26D1A627-AA6A-444B-956E-FA70B6D3CAB1}
	EndGlobalSection
EndGlobal
